
Microsoft Visual Studio Solution File, Format Version 12.00
# Visual Studio Version 17
VisualStudioVersion = 17.1.32228.430
MinimumVisualStudioVersion = 10.0.40219.1
Project("{9A19103F-16F7-4668-BE54-9A1E7A4F7556}") = "HospitalSystem", "HospitalSystem\HospitalSystem.csproj", "{EC9856A9-3682-4C34-BCE8-42A8E9D20DA1}"
EndProject
Project("{FAE04EC0-301F-11D3-BF4B-00C04F79EFBC}") = "H.DataLayer", "H.DataLayer\H.DataLayer.csproj", "{22C68FF3-6D87-40BA-835B-2849A2CADFFF}"
EndProject
Project("{FAE04EC0-301F-11D3-BF4B-00C04F79EFBC}") = "H.DataMdel", "H.DataMdel\H.DataMdel.csproj", "{8C4501B5-0AB3-4B72-8FB9-6E32283040A0}"
EndProject
Project("{FAE04EC0-301F-11D3-BF4B-00C04F79EFBC}") = "H.Common", "H.Common\H.Common.csproj", "{25449496-B1E1-4DE3-80E7-D757E05F0E05}"
EndProject
Project("{FAE04EC0-301F-11D3-BF4B-00C04F79EFBC}") = "H.Services", "H.Services\H.Services.csproj", "{40DDC4B1-DE60-4E0D-858F-AA2BE6C004F7}"
EndProject
Project("{FAE04EC0-301F-11D3-BF4B-00C04F79EFBC}") = "H.IocConfig", "H.IocConfig\H.IocConfig.csproj", "{11DD8254-C607-4D2D-91C1-0A570E741AD3}"
EndProject
Global
	GlobalSection(SolutionConfigurationPlatforms) = preSolution
		Debug|Any CPU = Debug|Any CPU
		Release|Any CPU = Release|Any CPU
	EndGlobalSection
	GlobalSection(ProjectConfigurationPlatforms) = postSolution
		{EC9856A9-3682-4C34-BCE8-42A8E9D20DA1}.Debug|Any CPU.ActiveCfg = Debug|Any CPU
		{EC9856A9-3682-4C34-BCE8-42A8E9D20DA1}.Debug|Any CPU.Build.0 = Debug|Any CPU
		{EC9856A9-3682-4C34-BCE8-42A8E9D20DA1}.Release|Any CPU.ActiveCfg = Release|Any CPU
		{EC9856A9-3682-4C34-BCE8-42A8E9D20DA1}.Release|Any CPU.Build.0 = Release|Any CPU
		{22C68FF3-6D87-40BA-835B-2849A2CADFFF}.Debug|Any CPU.ActiveCfg = Debug|Any CPU
		{22C68FF3-6D87-40BA-835B-2849A2CADFFF}.Debug|Any CPU.Build.0 = Debug|Any CPU
		{22C68FF3-6D87-40BA-835B-2849A2CADFFF}.Release|Any CPU.ActiveCfg = Release|Any CPU
		{22C68FF3-6D87-40BA-835B-2849A2CADFFF}.Release|Any CPU.Build.0 = Release|Any CPU
		{8C4501B5-0AB3-4B72-8FB9-6E32283040A0}.Debug|Any CPU.ActiveCfg = Debug|Any CPU
		{8C4501B5-0AB3-4B72-8FB9-6E32283040A0}.Debug|Any CPU.Build.0 = Debug|Any CPU
		{8C4501B5-0AB3-4B72-8FB9-6E32283040A0}.Release|Any CPU.ActiveCfg = Release|Any CPU
		{8C4501B5-0AB3-4B72-8FB9-6E32283040A0}.Release|Any CPU.Build.0 = Release|Any CPU
		{25449496-B1E1-4DE3-80E7-D757E05F0E05}.Debug|Any CPU.ActiveCfg = Debug|Any CPU
		{25449496-B1E1-4DE3-80E7-D757E05F0E05}.Debug|Any CPU.Build.0 = Debug|Any CPU
		{25449496-B1E1-4DE3-80E7-D757E05F0E05}.Release|Any CPU.ActiveCfg = Release|Any CPU
		{25449496-B1E1-4DE3-80E7-D757E05F0E05}.Release|Any CPU.Build.0 = Release|Any CPU
		{40DDC4B1-DE60-4E0D-858F-AA2BE6C004F7}.Debug|Any CPU.ActiveCfg = Debug|Any CPU
		{40DDC4B1-DE60-4E0D-858F-AA2BE6C004F7}.Debug|Any CPU.Build.0 = Debug|Any CPU
		{40DDC4B1-DE60-4E0D-858F-AA2BE6C004F7}.Release|Any CPU.ActiveCfg = Release|Any CPU
		{40DDC4B1-DE60-4E0D-858F-AA2BE6C004F7}.Release|Any CPU.Build.0 = Release|Any CPU
		{11DD8254-C607-4D2D-91C1-0A570E741AD3}.Debug|Any CPU.ActiveCfg = Debug|Any CPU
		{11DD8254-C607-4D2D-91C1-0A570E741AD3}.Debug|Any CPU.Build.0 = Debug|Any CPU
		{11DD8254-C607-4D2D-91C1-0A570E741AD3}.Release|Any CPU.ActiveCfg = Release|Any CPU
		{11DD8254-C607-4D2D-91C1-0A570E741AD3}.Release|Any CPU.Build.0 = Release|Any CPU
	EndGlobalSection
	GlobalSection(SolutionProperties) = preSolution
		HideSolutionNode = FALSE
	EndGlobalSection
	GlobalSection(ExtensibilityGlobals) = postSolution
		SolutionGuid = {BACB9169-0A01-4010-BA63-FA571B839304}
	EndGlobalSection
EndGlobal
